// !$*UTF8*$!
{
	archiveVersion = 1;
	classes = {
	};
	objectVersion = 50;
	objects = {

/* Begin PBXBuildFile section */
		E44AAC6422AB025E0072B62D /* AppDelegate.swift in Sources */ = {isa = PBXBuildFile; fileRef = E44AAC6322AB025E0072B62D /* AppDelegate.swift */; };
		E44AAC6B22AB025F0072B62D /* Assets.xcassets in Resources */ = {isa = PBXBuildFile; fileRef = E44AAC6A22AB025F0072B62D /* Assets.xcassets */; };
		E44AAC6E22AB025F0072B62D /* LaunchScreen.storyboard in Resources */ = {isa = PBXBuildFile; fileRef = E44AAC6C22AB025F0072B62D /* LaunchScreen.storyboard */; };
		E44AAC7922AB025F0072B62D /* WeatherAppTests.swift in Sources */ = {isa = PBXBuildFile; fileRef = E44AAC7822AB025F0072B62D /* WeatherAppTests.swift */; };
		E44AAC8622AB02E50072B62D /* Localizable.strings in Resources */ = {isa = PBXBuildFile; fileRef = E44AAC8522AB02E50072B62D /* Localizable.strings */; };
		E44AAC8A22AB05580072B62D /* WeatherListViewController.swift in Sources */ = {isa = PBXBuildFile; fileRef = E44AAC8822AB05580072B62D /* WeatherListViewController.swift */; };
		E44AAC8B22AB05580072B62D /* WeatherListViewController.xib in Resources */ = {isa = PBXBuildFile; fileRef = E44AAC8922AB05580072B62D /* WeatherListViewController.xib */; };
		E44AAC8D22AB05920072B62D /* WeatherListViewModel.swift in Sources */ = {isa = PBXBuildFile; fileRef = E44AAC8C22AB05920072B62D /* WeatherListViewModel.swift */; };
		E44AACC622AB0CB80072B62D /* Location.framework in Frameworks */ = {isa = PBXBuildFile; fileRef = E44AACBD22AB0CB80072B62D /* Location.framework */; };
		E44AACCF22AB0CB80072B62D /* Location.h in Headers */ = {isa = PBXBuildFile; fileRef = E44AACBF22AB0CB80072B62D /* Location.h */; settings = {ATTRIBUTES = (Public, ); }; };
		E44AACD222AB0CB80072B62D /* Location.framework in Frameworks */ = {isa = PBXBuildFile; fileRef = E44AACBD22AB0CB80072B62D /* Location.framework */; };
		E44AACD322AB0CB80072B62D /* Location.framework in Embed Frameworks */ = {isa = PBXBuildFile; fileRef = E44AACBD22AB0CB80072B62D /* Location.framework */; settings = {ATTRIBUTES = (CodeSignOnCopy, RemoveHeadersOnCopy, ); }; };
		E44AACDC22AB0CDB0072B62D /* LocationError.swift in Sources */ = {isa = PBXBuildFile; fileRef = E44AACDB22AB0CDB0072B62D /* LocationError.swift */; };
		E44AACDE22AB0CFD0072B62D /* LocationService.swift in Sources */ = {isa = PBXBuildFile; fileRef = E44AACDD22AB0CFD0072B62D /* LocationService.swift */; };
		E44AACED22AB0E150072B62D /* ClientApi.framework in Frameworks */ = {isa = PBXBuildFile; fileRef = E44AACE422AB0E150072B62D /* ClientApi.framework */; };
		E44AACF622AB0E150072B62D /* ClientApi.h in Headers */ = {isa = PBXBuildFile; fileRef = E44AACE622AB0E150072B62D /* ClientApi.h */; settings = {ATTRIBUTES = (Public, ); }; };
		E44AACF922AB0E150072B62D /* ClientApi.framework in Frameworks */ = {isa = PBXBuildFile; fileRef = E44AACE422AB0E150072B62D /* ClientApi.framework */; };
		E44AACFA22AB0E150072B62D /* ClientApi.framework in Embed Frameworks */ = {isa = PBXBuildFile; fileRef = E44AACE422AB0E150072B62D /* ClientApi.framework */; settings = {ATTRIBUTES = (CodeSignOnCopy, RemoveHeadersOnCopy, ); }; };
		E44AAD0322AB0E5D0072B62D /* APIError.swift in Sources */ = {isa = PBXBuildFile; fileRef = E44AAD0222AB0E5D0072B62D /* APIError.swift */; };
		E44AAD0522AB0E850072B62D /* ClientApi.swift in Sources */ = {isa = PBXBuildFile; fileRef = E44AAD0422AB0E850072B62D /* ClientApi.swift */; };
		E44AAD0822AB0F770072B62D /* DateFormatter+ClientApi.swift in Sources */ = {isa = PBXBuildFile; fileRef = E44AAD0722AB0F770072B62D /* DateFormatter+ClientApi.swift */; };
		E44AAD0A22AB0F950072B62D /* CustomCodingKeys.swift in Sources */ = {isa = PBXBuildFile; fileRef = E44AAD0922AB0F950072B62D /* CustomCodingKeys.swift */; };
		E44AAD0D22AB10020072B62D /* Router.swift in Sources */ = {isa = PBXBuildFile; fileRef = E44AAD0C22AB10020072B62D /* Router.swift */; };
		E44AAD1022AB14880072B62D /* RouterTests.swift in Sources */ = {isa = PBXBuildFile; fileRef = E44AAD0E22AB10B00072B62D /* RouterTests.swift */; };
		E44AAD1222AB15130072B62D /* LocationTests.swift in Sources */ = {isa = PBXBuildFile; fileRef = E44AAD1122AB15130072B62D /* LocationTests.swift */; };
		E44AAD1422AB15E30072B62D /* WeatherApiClient.swift in Sources */ = {isa = PBXBuildFile; fileRef = E44AAD1322AB15E30072B62D /* WeatherApiClient.swift */; };
		E44AAD1F22AB166D0072B62D /* WeatherResponse.swift in Sources */ = {isa = PBXBuildFile; fileRef = E44AAD1822AB166D0072B62D /* WeatherResponse.swift */; };
		E44AAD2022AB166D0072B62D /* Nebulosite.swift in Sources */ = {isa = PBXBuildFile; fileRef = E44AAD1922AB166D0072B62D /* Nebulosite.swift */; };
		E44AAD2122AB166D0072B62D /* DynamicKeys.swift in Sources */ = {isa = PBXBuildFile; fileRef = E44AAD1A22AB166D0072B62D /* DynamicKeys.swift */; };
		E44AAD2322AB166D0072B62D /* SnowRisk.swift in Sources */ = {isa = PBXBuildFile; fileRef = E44AAD1C22AB166D0072B62D /* SnowRisk.swift */; };
		E44AAD2422AB166D0072B62D /* Weather.swift in Sources */ = {isa = PBXBuildFile; fileRef = E44AAD1D22AB166D0072B62D /* Weather.swift */; };
		E44AAD2522AB166D0072B62D /* Presure.swift in Sources */ = {isa = PBXBuildFile; fileRef = E44AAD1E22AB166D0072B62D /* Presure.swift */; };
		E44AAD2722AB19380072B62D /* WeatherResponseTests.swift in Sources */ = {isa = PBXBuildFile; fileRef = E44AAD2622AB19380072B62D /* WeatherResponseTests.swift */; };
		E44AAD3622AB1D3A0072B62D /* LocalStorage.framework in Frameworks */ = {isa = PBXBuildFile; fileRef = E44AAD2D22AB1D3A0072B62D /* LocalStorage.framework */; };
		E44AAD3D22AB1D3A0072B62D /* LocalStorageTests.swift in Sources */ = {isa = PBXBuildFile; fileRef = E44AAD3C22AB1D3A0072B62D /* LocalStorageTests.swift */; };
		E44AAD3F22AB1D3B0072B62D /* LocalStorage.h in Headers */ = {isa = PBXBuildFile; fileRef = E44AAD2F22AB1D3A0072B62D /* LocalStorage.h */; settings = {ATTRIBUTES = (Public, ); }; };
		E44AAD4222AB1D3B0072B62D /* LocalStorage.framework in Frameworks */ = {isa = PBXBuildFile; fileRef = E44AAD2D22AB1D3A0072B62D /* LocalStorage.framework */; };
		E44AAD4322AB1D3B0072B62D /* LocalStorage.framework in Embed Frameworks */ = {isa = PBXBuildFile; fileRef = E44AAD2D22AB1D3A0072B62D /* LocalStorage.framework */; settings = {ATTRIBUTES = (CodeSignOnCopy, RemoveHeadersOnCopy, ); }; };
		E44AAD4C22AB1D680072B62D /* UserDefaultsArchiveService.swift in Sources */ = {isa = PBXBuildFile; fileRef = E44AAD4A22AB1D680072B62D /* UserDefaultsArchiveService.swift */; };
		E44AAD4D22AB1D680072B62D /* ArchiveService.swift in Sources */ = {isa = PBXBuildFile; fileRef = E44AAD4B22AB1D680072B62D /* ArchiveService.swift */; };
		E44AAD5122AB2F3A0072B62D /* LocationError+Weather.swift in Sources */ = {isa = PBXBuildFile; fileRef = E44AAD5022AB2F3A0072B62D /* LocationError+Weather.swift */; };
		E44AAD5522ABAF8B0072B62D /* WeatherListTableViewDelegate.swift in Sources */ = {isa = PBXBuildFile; fileRef = E44AAD5422ABAF8B0072B62D /* WeatherListTableViewDelegate.swift */; };
		E44AAD5722ABAFB40072B62D /* WeatherListTableViewDataSource.swift in Sources */ = {isa = PBXBuildFile; fileRef = E44AAD5622ABAFB40072B62D /* WeatherListTableViewDataSource.swift */; };
		E44AAD5A22ABB7340072B62D /* WeatherTableViewCell.swift in Sources */ = {isa = PBXBuildFile; fileRef = E44AAD5822ABB7340072B62D /* WeatherTableViewCell.swift */; };
		E44AAD5B22ABB7340072B62D /* WeatherTableViewCell.xib in Resources */ = {isa = PBXBuildFile; fileRef = E44AAD5922ABB7340072B62D /* WeatherTableViewCell.xib */; };
		E44AAD5E22ABB94E0072B62D /* WeatherItem.swift in Sources */ = {isa = PBXBuildFile; fileRef = E44AAD5D22ABB94E0072B62D /* WeatherItem.swift */; };
		E44AAD6022ABBCB10072B62D /* Weather+UI.swift in Sources */ = {isa = PBXBuildFile; fileRef = E44AAD5F22ABBCB10072B62D /* Weather+UI.swift */; };
		E44AAD6222ABBDCE0072B62D /* Double+Temperature.swift in Sources */ = {isa = PBXBuildFile; fileRef = E44AAD6122ABBDCE0072B62D /* Double+Temperature.swift */; };
		E44AAD6422ABC7080072B62D /* DateFormatter+UI.swift in Sources */ = {isa = PBXBuildFile; fileRef = E44AAD6322ABC7080072B62D /* DateFormatter+UI.swift */; };
/* End PBXBuildFile section */

/* Begin PBXContainerItemProxy section */
		E44AAC7522AB025F0072B62D /* PBXContainerItemProxy */ = {
			isa = PBXContainerItemProxy;
			containerPortal = E44AAC5822AB025E0072B62D /* Project object */;
			proxyType = 1;
			remoteGlobalIDString = E44AAC5F22AB025E0072B62D;
			remoteInfo = WeatherApp;
		};
		E44AACC722AB0CB80072B62D /* PBXContainerItemProxy */ = {
			isa = PBXContainerItemProxy;
			containerPortal = E44AAC5822AB025E0072B62D /* Project object */;
			proxyType = 1;
			remoteGlobalIDString = E44AACBC22AB0CB80072B62D;
			remoteInfo = Location;
		};
		E44AACC922AB0CB80072B62D /* PBXContainerItemProxy */ = {
			isa = PBXContainerItemProxy;
			containerPortal = E44AAC5822AB025E0072B62D /* Project object */;
			proxyType = 1;
			remoteGlobalIDString = E44AAC5F22AB025E0072B62D;
			remoteInfo = WeatherApp;
		};
		E44AACD022AB0CB80072B62D /* PBXContainerItemProxy */ = {
			isa = PBXContainerItemProxy;
			containerPortal = E44AAC5822AB025E0072B62D /* Project object */;
			proxyType = 1;
			remoteGlobalIDString = E44AACBC22AB0CB80072B62D;
			remoteInfo = Location;
		};
		E44AACEE22AB0E150072B62D /* PBXContainerItemProxy */ = {
			isa = PBXContainerItemProxy;
			containerPortal = E44AAC5822AB025E0072B62D /* Project object */;
			proxyType = 1;
			remoteGlobalIDString = E44AACE322AB0E150072B62D;
			remoteInfo = ClientApi;
		};
		E44AACF022AB0E150072B62D /* PBXContainerItemProxy */ = {
			isa = PBXContainerItemProxy;
			containerPortal = E44AAC5822AB025E0072B62D /* Project object */;
			proxyType = 1;
			remoteGlobalIDString = E44AAC5F22AB025E0072B62D;
			remoteInfo = WeatherApp;
		};
		E44AACF722AB0E150072B62D /* PBXContainerItemProxy */ = {
			isa = PBXContainerItemProxy;
			containerPortal = E44AAC5822AB025E0072B62D /* Project object */;
			proxyType = 1;
			remoteGlobalIDString = E44AACE322AB0E150072B62D;
			remoteInfo = ClientApi;
		};
		E44AAD3722AB1D3A0072B62D /* PBXContainerItemProxy */ = {
			isa = PBXContainerItemProxy;
			containerPortal = E44AAC5822AB025E0072B62D /* Project object */;
			proxyType = 1;
			remoteGlobalIDString = E44AAD2C22AB1D3A0072B62D;
			remoteInfo = LocalStorage;
		};
		E44AAD3922AB1D3A0072B62D /* PBXContainerItemProxy */ = {
			isa = PBXContainerItemProxy;
			containerPortal = E44AAC5822AB025E0072B62D /* Project object */;
			proxyType = 1;
			remoteGlobalIDString = E44AAC5F22AB025E0072B62D;
			remoteInfo = WeatherApp;
		};
		E44AAD4022AB1D3B0072B62D /* PBXContainerItemProxy */ = {
			isa = PBXContainerItemProxy;
			containerPortal = E44AAC5822AB025E0072B62D /* Project object */;
			proxyType = 1;
			remoteGlobalIDString = E44AAD2C22AB1D3A0072B62D;
			remoteInfo = LocalStorage;
		};
/* End PBXContainerItemProxy section */

/* Begin PBXCopyFilesBuildPhase section */
		E44AACD722AB0CB80072B62D /* Embed Frameworks */ = {
			isa = PBXCopyFilesBuildPhase;
			buildActionMask = 2147483647;
			dstPath = "";
			dstSubfolderSpec = 10;
			files = (
				E44AAD4322AB1D3B0072B62D /* LocalStorage.framework in Embed Frameworks */,
				E44AACFA22AB0E150072B62D /* ClientApi.framework in Embed Frameworks */,
				E44AACD322AB0CB80072B62D /* Location.framework in Embed Frameworks */,
			);
			name = "Embed Frameworks";
			runOnlyForDeploymentPostprocessing = 0;
		};
/* End PBXCopyFilesBuildPhase section */

/* Begin PBXFileReference section */
		E44AAC6022AB025E0072B62D /* WeatherApp.app */ = {isa = PBXFileReference; explicitFileType = wrapper.application; includeInIndex = 0; path = WeatherApp.app; sourceTree = BUILT_PRODUCTS_DIR; };
		E44AAC6322AB025E0072B62D /* AppDelegate.swift */ = {isa = PBXFileReference; lastKnownFileType = sourcecode.swift; path = AppDelegate.swift; sourceTree = "<group>"; };
		E44AAC6A22AB025F0072B62D /* Assets.xcassets */ = {isa = PBXFileReference; lastKnownFileType = folder.assetcatalog; path = Assets.xcassets; sourceTree = "<group>"; };
		E44AAC6D22AB025F0072B62D /* Base */ = {isa = PBXFileReference; lastKnownFileType = file.storyboard; name = Base; path = Base.lproj/LaunchScreen.storyboard; sourceTree = "<group>"; };
		E44AAC6F22AB025F0072B62D /* Info.plist */ = {isa = PBXFileReference; lastKnownFileType = text.plist.xml; path = Info.plist; sourceTree = "<group>"; };
		E44AAC7422AB025F0072B62D /* WeatherAppTests.xctest */ = {isa = PBXFileReference; explicitFileType = wrapper.cfbundle; includeInIndex = 0; path = WeatherAppTests.xctest; sourceTree = BUILT_PRODUCTS_DIR; };
		E44AAC7822AB025F0072B62D /* WeatherAppTests.swift */ = {isa = PBXFileReference; lastKnownFileType = sourcecode.swift; path = WeatherAppTests.swift; sourceTree = "<group>"; };
		E44AAC7A22AB025F0072B62D /* Info.plist */ = {isa = PBXFileReference; lastKnownFileType = text.plist.xml; path = Info.plist; sourceTree = "<group>"; };
		E44AAC8522AB02E50072B62D /* Localizable.strings */ = {isa = PBXFileReference; lastKnownFileType = text.plist.strings; path = Localizable.strings; sourceTree = "<group>"; };
		E44AAC8822AB05580072B62D /* WeatherListViewController.swift */ = {isa = PBXFileReference; lastKnownFileType = sourcecode.swift; path = WeatherListViewController.swift; sourceTree = "<group>"; };
		E44AAC8922AB05580072B62D /* WeatherListViewController.xib */ = {isa = PBXFileReference; lastKnownFileType = file.xib; path = WeatherListViewController.xib; sourceTree = "<group>"; };
		E44AAC8C22AB05920072B62D /* WeatherListViewModel.swift */ = {isa = PBXFileReference; lastKnownFileType = sourcecode.swift; path = WeatherListViewModel.swift; sourceTree = "<group>"; };
		E44AACBD22AB0CB80072B62D /* Location.framework */ = {isa = PBXFileReference; explicitFileType = wrapper.framework; includeInIndex = 0; path = Location.framework; sourceTree = BUILT_PRODUCTS_DIR; };
		E44AACBF22AB0CB80072B62D /* Location.h */ = {isa = PBXFileReference; lastKnownFileType = sourcecode.c.h; path = Location.h; sourceTree = "<group>"; };
		E44AACC022AB0CB80072B62D /* Info.plist */ = {isa = PBXFileReference; lastKnownFileType = text.plist.xml; path = Info.plist; sourceTree = "<group>"; };
		E44AACC522AB0CB80072B62D /* LocationTests.xctest */ = {isa = PBXFileReference; explicitFileType = wrapper.cfbundle; includeInIndex = 0; path = LocationTests.xctest; sourceTree = BUILT_PRODUCTS_DIR; };
		E44AACCE22AB0CB80072B62D /* Info.plist */ = {isa = PBXFileReference; lastKnownFileType = text.plist.xml; path = Info.plist; sourceTree = "<group>"; };
		E44AACDB22AB0CDB0072B62D /* LocationError.swift */ = {isa = PBXFileReference; lastKnownFileType = sourcecode.swift; path = LocationError.swift; sourceTree = "<group>"; };
		E44AACDD22AB0CFD0072B62D /* LocationService.swift */ = {isa = PBXFileReference; lastKnownFileType = sourcecode.swift; path = LocationService.swift; sourceTree = "<group>"; };
		E44AACE422AB0E150072B62D /* ClientApi.framework */ = {isa = PBXFileReference; explicitFileType = wrapper.framework; includeInIndex = 0; path = ClientApi.framework; sourceTree = BUILT_PRODUCTS_DIR; };
		E44AACE622AB0E150072B62D /* ClientApi.h */ = {isa = PBXFileReference; lastKnownFileType = sourcecode.c.h; path = ClientApi.h; sourceTree = "<group>"; };
		E44AACE722AB0E150072B62D /* Info.plist */ = {isa = PBXFileReference; lastKnownFileType = text.plist.xml; path = Info.plist; sourceTree = "<group>"; };
		E44AACEC22AB0E150072B62D /* ClientApiTests.xctest */ = {isa = PBXFileReference; explicitFileType = wrapper.cfbundle; includeInIndex = 0; path = ClientApiTests.xctest; sourceTree = BUILT_PRODUCTS_DIR; };
		E44AACF522AB0E150072B62D /* Info.plist */ = {isa = PBXFileReference; lastKnownFileType = text.plist.xml; path = Info.plist; sourceTree = "<group>"; };
		E44AAD0222AB0E5D0072B62D /* APIError.swift */ = {isa = PBXFileReference; lastKnownFileType = sourcecode.swift; path = APIError.swift; sourceTree = "<group>"; };
		E44AAD0422AB0E850072B62D /* ClientApi.swift */ = {isa = PBXFileReference; lastKnownFileType = sourcecode.swift; path = ClientApi.swift; sourceTree = "<group>"; };
		E44AAD0722AB0F770072B62D /* DateFormatter+ClientApi.swift */ = {isa = PBXFileReference; lastKnownFileType = sourcecode.swift; path = "DateFormatter+ClientApi.swift"; sourceTree = "<group>"; };
		E44AAD0922AB0F950072B62D /* CustomCodingKeys.swift */ = {isa = PBXFileReference; lastKnownFileType = sourcecode.swift; path = CustomCodingKeys.swift; sourceTree = "<group>"; };
		E44AAD0C22AB10020072B62D /* Router.swift */ = {isa = PBXFileReference; lastKnownFileType = sourcecode.swift; path = Router.swift; sourceTree = "<group>"; };
		E44AAD0E22AB10B00072B62D /* RouterTests.swift */ = {isa = PBXFileReference; lastKnownFileType = sourcecode.swift; path = RouterTests.swift; sourceTree = "<group>"; };
		E44AAD1122AB15130072B62D /* LocationTests.swift */ = {isa = PBXFileReference; lastKnownFileType = sourcecode.swift; path = LocationTests.swift; sourceTree = "<group>"; };
		E44AAD1322AB15E30072B62D /* WeatherApiClient.swift */ = {isa = PBXFileReference; lastKnownFileType = sourcecode.swift; path = WeatherApiClient.swift; sourceTree = "<group>"; };
		E44AAD1822AB166D0072B62D /* WeatherResponse.swift */ = {isa = PBXFileReference; fileEncoding = 4; lastKnownFileType = sourcecode.swift; path = WeatherResponse.swift; sourceTree = "<group>"; };
		E44AAD1922AB166D0072B62D /* Nebulosite.swift */ = {isa = PBXFileReference; fileEncoding = 4; lastKnownFileType = sourcecode.swift; path = Nebulosite.swift; sourceTree = "<group>"; };
		E44AAD1A22AB166D0072B62D /* DynamicKeys.swift */ = {isa = PBXFileReference; fileEncoding = 4; lastKnownFileType = sourcecode.swift; path = DynamicKeys.swift; sourceTree = "<group>"; };
		E44AAD1C22AB166D0072B62D /* SnowRisk.swift */ = {isa = PBXFileReference; fileEncoding = 4; lastKnownFileType = sourcecode.swift; path = SnowRisk.swift; sourceTree = "<group>"; };
		E44AAD1D22AB166D0072B62D /* Weather.swift */ = {isa = PBXFileReference; fileEncoding = 4; lastKnownFileType = sourcecode.swift; path = Weather.swift; sourceTree = "<group>"; };
		E44AAD1E22AB166D0072B62D /* Presure.swift */ = {isa = PBXFileReference; fileEncoding = 4; lastKnownFileType = sourcecode.swift; path = Presure.swift; sourceTree = "<group>"; };
		E44AAD2622AB19380072B62D /* WeatherResponseTests.swift */ = {isa = PBXFileReference; lastKnownFileType = sourcecode.swift; path = WeatherResponseTests.swift; sourceTree = "<group>"; };
		E44AAD2D22AB1D3A0072B62D /* LocalStorage.framework */ = {isa = PBXFileReference; explicitFileType = wrapper.framework; includeInIndex = 0; path = LocalStorage.framework; sourceTree = BUILT_PRODUCTS_DIR; };
		E44AAD2F22AB1D3A0072B62D /* LocalStorage.h */ = {isa = PBXFileReference; lastKnownFileType = sourcecode.c.h; path = LocalStorage.h; sourceTree = "<group>"; };
		E44AAD3022AB1D3A0072B62D /* Info.plist */ = {isa = PBXFileReference; lastKnownFileType = text.plist.xml; path = Info.plist; sourceTree = "<group>"; };
		E44AAD3522AB1D3A0072B62D /* LocalStorageTests.xctest */ = {isa = PBXFileReference; explicitFileType = wrapper.cfbundle; includeInIndex = 0; path = LocalStorageTests.xctest; sourceTree = BUILT_PRODUCTS_DIR; };
		E44AAD3C22AB1D3A0072B62D /* LocalStorageTests.swift */ = {isa = PBXFileReference; lastKnownFileType = sourcecode.swift; path = LocalStorageTests.swift; sourceTree = "<group>"; };
		E44AAD3E22AB1D3B0072B62D /* Info.plist */ = {isa = PBXFileReference; lastKnownFileType = text.plist.xml; path = Info.plist; sourceTree = "<group>"; };
		E44AAD4A22AB1D680072B62D /* UserDefaultsArchiveService.swift */ = {isa = PBXFileReference; fileEncoding = 4; lastKnownFileType = sourcecode.swift; path = UserDefaultsArchiveService.swift; sourceTree = "<group>"; };
		E44AAD4B22AB1D680072B62D /* ArchiveService.swift */ = {isa = PBXFileReference; fileEncoding = 4; lastKnownFileType = sourcecode.swift; path = ArchiveService.swift; sourceTree = "<group>"; };
		E44AAD5022AB2F3A0072B62D /* LocationError+Weather.swift */ = {isa = PBXFileReference; lastKnownFileType = sourcecode.swift; path = "LocationError+Weather.swift"; sourceTree = "<group>"; };
		E44AAD5422ABAF8B0072B62D /* WeatherListTableViewDelegate.swift */ = {isa = PBXFileReference; lastKnownFileType = sourcecode.swift; path = WeatherListTableViewDelegate.swift; sourceTree = "<group>"; };
		E44AAD5622ABAFB40072B62D /* WeatherListTableViewDataSource.swift */ = {isa = PBXFileReference; lastKnownFileType = sourcecode.swift; path = WeatherListTableViewDataSource.swift; sourceTree = "<group>"; };
		E44AAD5822ABB7340072B62D /* WeatherTableViewCell.swift */ = {isa = PBXFileReference; lastKnownFileType = sourcecode.swift; path = WeatherTableViewCell.swift; sourceTree = "<group>"; };
		E44AAD5922ABB7340072B62D /* WeatherTableViewCell.xib */ = {isa = PBXFileReference; lastKnownFileType = file.xib; path = WeatherTableViewCell.xib; sourceTree = "<group>"; };
		E44AAD5D22ABB94E0072B62D /* WeatherItem.swift */ = {isa = PBXFileReference; lastKnownFileType = sourcecode.swift; path = WeatherItem.swift; sourceTree = "<group>"; };
		E44AAD5F22ABBCB10072B62D /* Weather+UI.swift */ = {isa = PBXFileReference; lastKnownFileType = sourcecode.swift; path = "Weather+UI.swift"; sourceTree = "<group>"; };
		E44AAD6122ABBDCE0072B62D /* Double+Temperature.swift */ = {isa = PBXFileReference; lastKnownFileType = sourcecode.swift; path = "Double+Temperature.swift"; sourceTree = "<group>"; };
		E44AAD6322ABC7080072B62D /* DateFormatter+UI.swift */ = {isa = PBXFileReference; lastKnownFileType = sourcecode.swift; path = "DateFormatter+UI.swift"; sourceTree = "<group>"; };
/* End PBXFileReference section */

/* Begin PBXFrameworksBuildPhase section */
		E44AAC5D22AB025E0072B62D /* Frameworks */ = {
			isa = PBXFrameworksBuildPhase;
			buildActionMask = 2147483647;
			files = (
				E44AAD4222AB1D3B0072B62D /* LocalStorage.framework in Frameworks */,
				E44AACF922AB0E150072B62D /* ClientApi.framework in Frameworks */,
				E44AACD222AB0CB80072B62D /* Location.framework in Frameworks */,
			);
			runOnlyForDeploymentPostprocessing = 0;
		};
		E44AAC7122AB025F0072B62D /* Frameworks */ = {
			isa = PBXFrameworksBuildPhase;
			buildActionMask = 2147483647;
			files = (
			);
			runOnlyForDeploymentPostprocessing = 0;
		};
		E44AACBA22AB0CB80072B62D /* Frameworks */ = {
			isa = PBXFrameworksBuildPhase;
			buildActionMask = 2147483647;
			files = (
			);
			runOnlyForDeploymentPostprocessing = 0;
		};
		E44AACC222AB0CB80072B62D /* Frameworks */ = {
			isa = PBXFrameworksBuildPhase;
			buildActionMask = 2147483647;
			files = (
				E44AACC622AB0CB80072B62D /* Location.framework in Frameworks */,
			);
			runOnlyForDeploymentPostprocessing = 0;
		};
		E44AACE122AB0E150072B62D /* Frameworks */ = {
			isa = PBXFrameworksBuildPhase;
			buildActionMask = 2147483647;
			files = (
			);
			runOnlyForDeploymentPostprocessing = 0;
		};
		E44AACE922AB0E150072B62D /* Frameworks */ = {
			isa = PBXFrameworksBuildPhase;
			buildActionMask = 2147483647;
			files = (
				E44AACED22AB0E150072B62D /* ClientApi.framework in Frameworks */,
			);
			runOnlyForDeploymentPostprocessing = 0;
		};
		E44AAD2A22AB1D3A0072B62D /* Frameworks */ = {
			isa = PBXFrameworksBuildPhase;
			buildActionMask = 2147483647;
			files = (
			);
			runOnlyForDeploymentPostprocessing = 0;
		};
		E44AAD3222AB1D3A0072B62D /* Frameworks */ = {
			isa = PBXFrameworksBuildPhase;
			buildActionMask = 2147483647;
			files = (
				E44AAD3622AB1D3A0072B62D /* LocalStorage.framework in Frameworks */,
			);
			runOnlyForDeploymentPostprocessing = 0;
		};
/* End PBXFrameworksBuildPhase section */

/* Begin PBXGroup section */
		E44AAC5722AB025E0072B62D = {
			isa = PBXGroup;
			children = (
				E44AAC6222AB025E0072B62D /* WeatherApp */,
				E44AAC7722AB025F0072B62D /* WeatherAppTests */,
				E44AACBE22AB0CB80072B62D /* Location */,
				E44AACCB22AB0CB80072B62D /* LocationTests */,
				E44AACE522AB0E150072B62D /* ClientApi */,
				E44AACF222AB0E150072B62D /* ClientApiTests */,
				E44AAD2E22AB1D3A0072B62D /* LocalStorage */,
				E44AAD3B22AB1D3A0072B62D /* LocalStorageTests */,
				E44AAC6122AB025E0072B62D /* Products */,
			);
			sourceTree = "<group>";
		};
		E44AAC6122AB025E0072B62D /* Products */ = {
			isa = PBXGroup;
			children = (
				E44AAC6022AB025E0072B62D /* WeatherApp.app */,
				E44AAC7422AB025F0072B62D /* WeatherAppTests.xctest */,
				E44AACBD22AB0CB80072B62D /* Location.framework */,
				E44AACC522AB0CB80072B62D /* LocationTests.xctest */,
				E44AACE422AB0E150072B62D /* ClientApi.framework */,
				E44AACEC22AB0E150072B62D /* ClientApiTests.xctest */,
				E44AAD2D22AB1D3A0072B62D /* LocalStorage.framework */,
				E44AAD3522AB1D3A0072B62D /* LocalStorageTests.xctest */,
			);
			name = Products;
			sourceTree = "<group>";
		};
		E44AAC6222AB025E0072B62D /* WeatherApp */ = {
			isa = PBXGroup;
			children = (
				E44AAC6322AB025E0072B62D /* AppDelegate.swift */,
				E44AAC8722AB051F0072B62D /* WeatherList */,
				E44AAD4E22AB2F0B0072B62D /* Utils */,
				E44AAC8322AB02B20072B62D /* Ressources */,
				E44AAC6C22AB025F0072B62D /* LaunchScreen.storyboard */,
				E44AAC6F22AB025F0072B62D /* Info.plist */,
			);
			path = WeatherApp;
			sourceTree = "<group>";
		};
		E44AAC7722AB025F0072B62D /* WeatherAppTests */ = {
			isa = PBXGroup;
			children = (
				E44AAC7822AB025F0072B62D /* WeatherAppTests.swift */,
				E44AAC7A22AB025F0072B62D /* Info.plist */,
			);
			path = WeatherAppTests;
			sourceTree = "<group>";
		};
		E44AAC8322AB02B20072B62D /* Ressources */ = {
			isa = PBXGroup;
			children = (
				E44AAC8422AB02C50072B62D /* Localizable */,
				E44AAC6A22AB025F0072B62D /* Assets.xcassets */,
			);
			path = Ressources;
			sourceTree = "<group>";
		};
		E44AAC8422AB02C50072B62D /* Localizable */ = {
			isa = PBXGroup;
			children = (
				E44AAC8522AB02E50072B62D /* Localizable.strings */,
			);
			path = Localizable;
			sourceTree = "<group>";
		};
		E44AAC8722AB051F0072B62D /* WeatherList */ = {
			isa = PBXGroup;
			children = (
				E44AAD5C22ABB9120072B62D /* Cells */,
				E44AAC8822AB05580072B62D /* WeatherListViewController.swift */,
				E44AAC8922AB05580072B62D /* WeatherListViewController.xib */,
				E44AAC8C22AB05920072B62D /* WeatherListViewModel.swift */,
				E44AAD5422ABAF8B0072B62D /* WeatherListTableViewDelegate.swift */,
				E44AAD5622ABAFB40072B62D /* WeatherListTableViewDataSource.swift */,
			);
			path = WeatherList;
			sourceTree = "<group>";
		};
		E44AACBE22AB0CB80072B62D /* Location */ = {
			isa = PBXGroup;
			children = (
				E44AACDB22AB0CDB0072B62D /* LocationError.swift */,
				E44AACDD22AB0CFD0072B62D /* LocationService.swift */,
				E44AACBF22AB0CB80072B62D /* Location.h */,
				E44AACC022AB0CB80072B62D /* Info.plist */,
			);
			path = Location;
			sourceTree = "<group>";
		};
		E44AACCB22AB0CB80072B62D /* LocationTests */ = {
			isa = PBXGroup;
			children = (
				E44AACCE22AB0CB80072B62D /* Info.plist */,
				E44AAD1122AB15130072B62D /* LocationTests.swift */,
			);
			path = LocationTests;
			sourceTree = "<group>";
		};
		E44AACE522AB0E150072B62D /* ClientApi */ = {
			isa = PBXGroup;
			children = (
				E44AAD0B22AB0FB10072B62D /* Services */,
				E44AAD0622AB0F620072B62D /* Utils */,
				E44AAD0122AB0E410072B62D /* Core */,
				E44AACE622AB0E150072B62D /* ClientApi.h */,
				E44AACE722AB0E150072B62D /* Info.plist */,
			);
			path = ClientApi;
			sourceTree = "<group>";
		};
		E44AACF222AB0E150072B62D /* ClientApiTests */ = {
			isa = PBXGroup;
			children = (
				E44AACF522AB0E150072B62D /* Info.plist */,
				E44AAD0E22AB10B00072B62D /* RouterTests.swift */,
				E44AAD2622AB19380072B62D /* WeatherResponseTests.swift */,
			);
			path = ClientApiTests;
			sourceTree = "<group>";
		};
		E44AAD0122AB0E410072B62D /* Core */ = {
			isa = PBXGroup;
			children = (
				E44AAD0222AB0E5D0072B62D /* APIError.swift */,
				E44AAD0422AB0E850072B62D /* ClientApi.swift */,
			);
			path = Core;
			sourceTree = "<group>";
		};
		E44AAD0622AB0F620072B62D /* Utils */ = {
			isa = PBXGroup;
			children = (
				E44AAD0722AB0F770072B62D /* DateFormatter+ClientApi.swift */,
				E44AAD0922AB0F950072B62D /* CustomCodingKeys.swift */,
			);
			path = Utils;
			sourceTree = "<group>";
		};
		E44AAD0B22AB0FB10072B62D /* Services */ = {
			isa = PBXGroup;
			children = (
				E44AAD0C22AB10020072B62D /* Router.swift */,
				E44AAD1322AB15E30072B62D /* WeatherApiClient.swift */,
				E44AAD1722AB166D0072B62D /* Weather */,
			);
			path = Services;
			sourceTree = "<group>";
		};
		E44AAD1722AB166D0072B62D /* Weather */ = {
			isa = PBXGroup;
			children = (
				E44AAD1822AB166D0072B62D /* WeatherResponse.swift */,
				E44AAD1922AB166D0072B62D /* Nebulosite.swift */,
				E44AAD1A22AB166D0072B62D /* DynamicKeys.swift */,
				E44AAD1C22AB166D0072B62D /* SnowRisk.swift */,
				E44AAD1D22AB166D0072B62D /* Weather.swift */,
				E44AAD1E22AB166D0072B62D /* Presure.swift */,
			);
			path = Weather;
			sourceTree = "<group>";
		};
		E44AAD2E22AB1D3A0072B62D /* LocalStorage */ = {
			isa = PBXGroup;
			children = (
				E44AAD4B22AB1D680072B62D /* ArchiveService.swift */,
				E44AAD4A22AB1D680072B62D /* UserDefaultsArchiveService.swift */,
				E44AAD2F22AB1D3A0072B62D /* LocalStorage.h */,
				E44AAD3022AB1D3A0072B62D /* Info.plist */,
			);
			path = LocalStorage;
			sourceTree = "<group>";
		};
		E44AAD3B22AB1D3A0072B62D /* LocalStorageTests */ = {
			isa = PBXGroup;
			children = (
				E44AAD3C22AB1D3A0072B62D /* LocalStorageTests.swift */,
				E44AAD3E22AB1D3B0072B62D /* Info.plist */,
			);
			path = LocalStorageTests;
			sourceTree = "<group>";
		};
		E44AAD4E22AB2F0B0072B62D /* Utils */ = {
			isa = PBXGroup;
			children = (
				E44AAD4F22AB2F160072B62D /* Extensions */,
			);
			path = Utils;
			sourceTree = "<group>";
		};
		E44AAD4F22AB2F160072B62D /* Extensions */ = {
			isa = PBXGroup;
			children = (
				E44AAD5022AB2F3A0072B62D /* LocationError+Weather.swift */,
				E44AAD6122ABBDCE0072B62D /* Double+Temperature.swift */,
				E44AAD5F22ABBCB10072B62D /* Weather+UI.swift */,
				E44AAD6322ABC7080072B62D /* DateFormatter+UI.swift */,
			);
			path = Extensions;
			sourceTree = "<group>";
		};
		E44AAD5C22ABB9120072B62D /* Cells */ = {
			isa = PBXGroup;
			children = (
				E44AAD5822ABB7340072B62D /* WeatherTableViewCell.swift */,
				E44AAD5922ABB7340072B62D /* WeatherTableViewCell.xib */,
				E44AAD5D22ABB94E0072B62D /* WeatherItem.swift */,
			);
			path = Cells;
			sourceTree = "<group>";
		};
/* End PBXGroup section */

/* Begin PBXHeadersBuildPhase section */
		E44AACB822AB0CB80072B62D /* Headers */ = {
			isa = PBXHeadersBuildPhase;
			buildActionMask = 2147483647;
			files = (
				E44AACCF22AB0CB80072B62D /* Location.h in Headers */,
			);
			runOnlyForDeploymentPostprocessing = 0;
		};
		E44AACDF22AB0E150072B62D /* Headers */ = {
			isa = PBXHeadersBuildPhase;
			buildActionMask = 2147483647;
			files = (
				E44AACF622AB0E150072B62D /* ClientApi.h in Headers */,
			);
			runOnlyForDeploymentPostprocessing = 0;
		};
		E44AAD2822AB1D3A0072B62D /* Headers */ = {
			isa = PBXHeadersBuildPhase;
			buildActionMask = 2147483647;
			files = (
				E44AAD3F22AB1D3B0072B62D /* LocalStorage.h in Headers */,
			);
			runOnlyForDeploymentPostprocessing = 0;
		};
/* End PBXHeadersBuildPhase section */

/* Begin PBXNativeTarget section */
		E44AAC5F22AB025E0072B62D /* WeatherApp */ = {
			isa = PBXNativeTarget;
			buildConfigurationList = E44AAC7D22AB025F0072B62D /* Build configuration list for PBXNativeTarget "WeatherApp" */;
			buildPhases = (
				E44AAC5C22AB025E0072B62D /* Sources */,
				E44AAC5D22AB025E0072B62D /* Frameworks */,
				E44AAC5E22AB025E0072B62D /* Resources */,
				E44AACD722AB0CB80072B62D /* Embed Frameworks */,
			);
			buildRules = (
			);
			dependencies = (
				E44AACD122AB0CB80072B62D /* PBXTargetDependency */,
				E44AACF822AB0E150072B62D /* PBXTargetDependency */,
				E44AAD4122AB1D3B0072B62D /* PBXTargetDependency */,
			);
			name = WeatherApp;
			productName = WeatherApp;
			productReference = E44AAC6022AB025E0072B62D /* WeatherApp.app */;
			productType = "com.apple.product-type.application";
		};
		E44AAC7322AB025F0072B62D /* WeatherAppTests */ = {
			isa = PBXNativeTarget;
			buildConfigurationList = E44AAC8022AB025F0072B62D /* Build configuration list for PBXNativeTarget "WeatherAppTests" */;
			buildPhases = (
				E44AAC7022AB025F0072B62D /* Sources */,
				E44AAC7122AB025F0072B62D /* Frameworks */,
				E44AAC7222AB025F0072B62D /* Resources */,
			);
			buildRules = (
			);
			dependencies = (
				E44AAC7622AB025F0072B62D /* PBXTargetDependency */,
			);
			name = WeatherAppTests;
			productName = WeatherAppTests;
			productReference = E44AAC7422AB025F0072B62D /* WeatherAppTests.xctest */;
			productType = "com.apple.product-type.bundle.unit-test";
		};
		E44AACBC22AB0CB80072B62D /* Location */ = {
			isa = PBXNativeTarget;
			buildConfigurationList = E44AACD422AB0CB80072B62D /* Build configuration list for PBXNativeTarget "Location" */;
			buildPhases = (
				E44AACB822AB0CB80072B62D /* Headers */,
				E44AACB922AB0CB80072B62D /* Sources */,
				E44AACBA22AB0CB80072B62D /* Frameworks */,
				E44AACBB22AB0CB80072B62D /* Resources */,
			);
			buildRules = (
			);
			dependencies = (
			);
			name = Location;
			productName = Location;
			productReference = E44AACBD22AB0CB80072B62D /* Location.framework */;
			productType = "com.apple.product-type.framework";
		};
		E44AACC422AB0CB80072B62D /* LocationTests */ = {
			isa = PBXNativeTarget;
			buildConfigurationList = E44AACD822AB0CB80072B62D /* Build configuration list for PBXNativeTarget "LocationTests" */;
			buildPhases = (
				E44AACC122AB0CB80072B62D /* Sources */,
				E44AACC222AB0CB80072B62D /* Frameworks */,
				E44AACC322AB0CB80072B62D /* Resources */,
			);
			buildRules = (
			);
			dependencies = (
				E44AACC822AB0CB80072B62D /* PBXTargetDependency */,
				E44AACCA22AB0CB80072B62D /* PBXTargetDependency */,
			);
			name = LocationTests;
			productName = LocationTests;
			productReference = E44AACC522AB0CB80072B62D /* LocationTests.xctest */;
			productType = "com.apple.product-type.bundle.unit-test";
		};
		E44AACE322AB0E150072B62D /* ClientApi */ = {
			isa = PBXNativeTarget;
			buildConfigurationList = E44AACFB22AB0E150072B62D /* Build configuration list for PBXNativeTarget "ClientApi" */;
			buildPhases = (
				E44AACDF22AB0E150072B62D /* Headers */,
				E44AACE022AB0E150072B62D /* Sources */,
				E44AACE122AB0E150072B62D /* Frameworks */,
				E44AACE222AB0E150072B62D /* Resources */,
			);
			buildRules = (
			);
			dependencies = (
			);
			name = ClientApi;
			productName = ClientApi;
			productReference = E44AACE422AB0E150072B62D /* ClientApi.framework */;
			productType = "com.apple.product-type.framework";
		};
		E44AACEB22AB0E150072B62D /* ClientApiTests */ = {
			isa = PBXNativeTarget;
			buildConfigurationList = E44AACFE22AB0E150072B62D /* Build configuration list for PBXNativeTarget "ClientApiTests" */;
			buildPhases = (
				E44AACE822AB0E150072B62D /* Sources */,
				E44AACE922AB0E150072B62D /* Frameworks */,
				E44AACEA22AB0E150072B62D /* Resources */,
			);
			buildRules = (
			);
			dependencies = (
				E44AACEF22AB0E150072B62D /* PBXTargetDependency */,
				E44AACF122AB0E150072B62D /* PBXTargetDependency */,
			);
			name = ClientApiTests;
			productName = ClientApiTests;
			productReference = E44AACEC22AB0E150072B62D /* ClientApiTests.xctest */;
			productType = "com.apple.product-type.bundle.unit-test";
		};
		E44AAD2C22AB1D3A0072B62D /* LocalStorage */ = {
			isa = PBXNativeTarget;
			buildConfigurationList = E44AAD4422AB1D3B0072B62D /* Build configuration list for PBXNativeTarget "LocalStorage" */;
			buildPhases = (
				E44AAD2822AB1D3A0072B62D /* Headers */,
				E44AAD2922AB1D3A0072B62D /* Sources */,
				E44AAD2A22AB1D3A0072B62D /* Frameworks */,
				E44AAD2B22AB1D3A0072B62D /* Resources */,
			);
			buildRules = (
			);
			dependencies = (
			);
			name = LocalStorage;
			productName = LocalStorage;
			productReference = E44AAD2D22AB1D3A0072B62D /* LocalStorage.framework */;
			productType = "com.apple.product-type.framework";
		};
		E44AAD3422AB1D3A0072B62D /* LocalStorageTests */ = {
			isa = PBXNativeTarget;
			buildConfigurationList = E44AAD4722AB1D3B0072B62D /* Build configuration list for PBXNativeTarget "LocalStorageTests" */;
			buildPhases = (
				E44AAD3122AB1D3A0072B62D /* Sources */,
				E44AAD3222AB1D3A0072B62D /* Frameworks */,
				E44AAD3322AB1D3A0072B62D /* Resources */,
			);
			buildRules = (
			);
			dependencies = (
				E44AAD3822AB1D3A0072B62D /* PBXTargetDependency */,
				E44AAD3A22AB1D3A0072B62D /* PBXTargetDependency */,
			);
			name = LocalStorageTests;
			productName = LocalStorageTests;
			productReference = E44AAD3522AB1D3A0072B62D /* LocalStorageTests.xctest */;
			productType = "com.apple.product-type.bundle.unit-test";
		};
/* End PBXNativeTarget section */

/* Begin PBXProject section */
		E44AAC5822AB025E0072B62D /* Project object */ = {
			isa = PBXProject;
			attributes = {
				LastSwiftUpdateCheck = 1020;
				LastUpgradeCheck = 1020;
				ORGANIZATIONNAME = "Oussam Tlili";
				TargetAttributes = {
					E44AAC5F22AB025E0072B62D = {
						CreatedOnToolsVersion = 10.2.1;
					};
					E44AAC7322AB025F0072B62D = {
						CreatedOnToolsVersion = 10.2.1;
						TestTargetID = E44AAC5F22AB025E0072B62D;
					};
					E44AACBC22AB0CB80072B62D = {
						CreatedOnToolsVersion = 10.2.1;
						LastSwiftMigration = 1020;
					};
					E44AACC422AB0CB80072B62D = {
						CreatedOnToolsVersion = 10.2.1;
						LastSwiftMigration = 1020;
						TestTargetID = E44AAC5F22AB025E0072B62D;
					};
					E44AACE322AB0E150072B62D = {
						CreatedOnToolsVersion = 10.2.1;
						LastSwiftMigration = 1020;
					};
					E44AACEB22AB0E150072B62D = {
						CreatedOnToolsVersion = 10.2.1;
						TestTargetID = E44AAC5F22AB025E0072B62D;
					};
					E44AAD2C22AB1D3A0072B62D = {
						CreatedOnToolsVersion = 10.2.1;
						LastSwiftMigration = 1020;
					};
					E44AAD3422AB1D3A0072B62D = {
						CreatedOnToolsVersion = 10.2.1;
						TestTargetID = E44AAC5F22AB025E0072B62D;
					};
				};
			};
			buildConfigurationList = E44AAC5B22AB025E0072B62D /* Build configuration list for PBXProject "WeatherApp" */;
			compatibilityVersion = "Xcode 9.3";
			developmentRegion = fr;
			hasScannedForEncodings = 0;
			knownRegions = (
				fr,
				Base,
			);
			mainGroup = E44AAC5722AB025E0072B62D;
			productRefGroup = E44AAC6122AB025E0072B62D /* Products */;
			projectDirPath = "";
			projectRoot = "";
			targets = (
				E44AAC5F22AB025E0072B62D /* WeatherApp */,
				E44AAC7322AB025F0072B62D /* WeatherAppTests */,
				E44AACBC22AB0CB80072B62D /* Location */,
				E44AACC422AB0CB80072B62D /* LocationTests */,
				E44AACE322AB0E150072B62D /* ClientApi */,
				E44AACEB22AB0E150072B62D /* ClientApiTests */,
				E44AAD2C22AB1D3A0072B62D /* LocalStorage */,
				E44AAD3422AB1D3A0072B62D /* LocalStorageTests */,
			);
		};
/* End PBXProject section */

/* Begin PBXResourcesBuildPhase section */
		E44AAC5E22AB025E0072B62D /* Resources */ = {
			isa = PBXResourcesBuildPhase;
			buildActionMask = 2147483647;
			files = (
				E44AAC6E22AB025F0072B62D /* LaunchScreen.storyboard in Resources */,
				E44AAC8B22AB05580072B62D /* WeatherListViewController.xib in Resources */,
				E44AAD5B22ABB7340072B62D /* WeatherTableViewCell.xib in Resources */,
				E44AAC8622AB02E50072B62D /* Localizable.strings in Resources */,
				E44AAC6B22AB025F0072B62D /* Assets.xcassets in Resources */,
			);
			runOnlyForDeploymentPostprocessing = 0;
		};
		E44AAC7222AB025F0072B62D /* Resources */ = {
			isa = PBXResourcesBuildPhase;
			buildActionMask = 2147483647;
			files = (
			);
			runOnlyForDeploymentPostprocessing = 0;
		};
		E44AACBB22AB0CB80072B62D /* Resources */ = {
			isa = PBXResourcesBuildPhase;
			buildActionMask = 2147483647;
			files = (
			);
			runOnlyForDeploymentPostprocessing = 0;
		};
		E44AACC322AB0CB80072B62D /* Resources */ = {
			isa = PBXResourcesBuildPhase;
			buildActionMask = 2147483647;
			files = (
			);
			runOnlyForDeploymentPostprocessing = 0;
		};
		E44AACE222AB0E150072B62D /* Resources */ = {
			isa = PBXResourcesBuildPhase;
			buildActionMask = 2147483647;
			files = (
			);
			runOnlyForDeploymentPostprocessing = 0;
		};
		E44AACEA22AB0E150072B62D /* Resources */ = {
			isa = PBXResourcesBuildPhase;
			buildActionMask = 2147483647;
			files = (
			);
			runOnlyForDeploymentPostprocessing = 0;
		};
		E44AAD2B22AB1D3A0072B62D /* Resources */ = {
			isa = PBXResourcesBuildPhase;
			buildActionMask = 2147483647;
			files = (
			);
			runOnlyForDeploymentPostprocessing = 0;
		};
		E44AAD3322AB1D3A0072B62D /* Resources */ = {
			isa = PBXResourcesBuildPhase;
			buildActionMask = 2147483647;
			files = (
			);
			runOnlyForDeploymentPostprocessing = 0;
		};
/* End PBXResourcesBuildPhase section */

/* Begin PBXSourcesBuildPhase section */
		E44AAC5C22AB025E0072B62D /* Sources */ = {
			isa = PBXSourcesBuildPhase;
			buildActionMask = 2147483647;
			files = (
				E44AAD5122AB2F3A0072B62D /* LocationError+Weather.swift in Sources */,
				E44AAC8D22AB05920072B62D /* WeatherListViewModel.swift in Sources */,
				E44AAD5A22ABB7340072B62D /* WeatherTableViewCell.swift in Sources */,
				E44AAD6222ABBDCE0072B62D /* Double+Temperature.swift in Sources */,
				E44AAD5E22ABB94E0072B62D /* WeatherItem.swift in Sources */,
				E44AAC6422AB025E0072B62D /* AppDelegate.swift in Sources */,
				E44AAD6022ABBCB10072B62D /* Weather+UI.swift in Sources */,
				E44AAD6422ABC7080072B62D /* DateFormatter+UI.swift in Sources */,
				E44AAC8A22AB05580072B62D /* WeatherListViewController.swift in Sources */,
				E44AAD5522ABAF8B0072B62D /* WeatherListTableViewDelegate.swift in Sources */,
				E44AAD5722ABAFB40072B62D /* WeatherListTableViewDataSource.swift in Sources */,
			);
			runOnlyForDeploymentPostprocessing = 0;
		};
		E44AAC7022AB025F0072B62D /* Sources */ = {
			isa = PBXSourcesBuildPhase;
			buildActionMask = 2147483647;
			files = (
				E44AAC7922AB025F0072B62D /* WeatherAppTests.swift in Sources */,
			);
			runOnlyForDeploymentPostprocessing = 0;
		};
		E44AACB922AB0CB80072B62D /* Sources */ = {
			isa = PBXSourcesBuildPhase;
			buildActionMask = 2147483647;
			files = (
				E44AACDE22AB0CFD0072B62D /* LocationService.swift in Sources */,
				E44AACDC22AB0CDB0072B62D /* LocationError.swift in Sources */,
			);
			runOnlyForDeploymentPostprocessing = 0;
		};
		E44AACC122AB0CB80072B62D /* Sources */ = {
			isa = PBXSourcesBuildPhase;
			buildActionMask = 2147483647;
			files = (
				E44AAD1222AB15130072B62D /* LocationTests.swift in Sources */,
			);
			runOnlyForDeploymentPostprocessing = 0;
		};
		E44AACE022AB0E150072B62D /* Sources */ = {
			isa = PBXSourcesBuildPhase;
			buildActionMask = 2147483647;
			files = (
				E44AAD1422AB15E30072B62D /* WeatherApiClient.swift in Sources */,
				E44AAD0A22AB0F950072B62D /* CustomCodingKeys.swift in Sources */,
				E44AAD0322AB0E5D0072B62D /* APIError.swift in Sources */,
				E44AAD2422AB166D0072B62D /* Weather.swift in Sources */,
				E44AAD1F22AB166D0072B62D /* WeatherResponse.swift in Sources */,
				E44AAD2522AB166D0072B62D /* Presure.swift in Sources */,
				E44AAD0D22AB10020072B62D /* Router.swift in Sources */,
				E44AAD2322AB166D0072B62D /* SnowRisk.swift in Sources */,
				E44AAD2122AB166D0072B62D /* DynamicKeys.swift in Sources */,
				E44AAD2022AB166D0072B62D /* Nebulosite.swift in Sources */,
				E44AAD0522AB0E850072B62D /* ClientApi.swift in Sources */,
				E44AAD0822AB0F770072B62D /* DateFormatter+ClientApi.swift in Sources */,
			);
			runOnlyForDeploymentPostprocessing = 0;
		};
		E44AACE822AB0E150072B62D /* Sources */ = {
			isa = PBXSourcesBuildPhase;
			buildActionMask = 2147483647;
			files = (
				E44AAD1022AB14880072B62D /* RouterTests.swift in Sources */,
				E44AAD2722AB19380072B62D /* WeatherResponseTests.swift in Sources */,
			);
			runOnlyForDeploymentPostprocessing = 0;
		};
		E44AAD2922AB1D3A0072B62D /* Sources */ = {
			isa = PBXSourcesBuildPhase;
			buildActionMask = 2147483647;
			files = (
				E44AAD4D22AB1D680072B62D /* ArchiveService.swift in Sources */,
				E44AAD4C22AB1D680072B62D /* UserDefaultsArchiveService.swift in Sources */,
			);
			runOnlyForDeploymentPostprocessing = 0;
		};
		E44AAD3122AB1D3A0072B62D /* Sources */ = {
			isa = PBXSourcesBuildPhase;
			buildActionMask = 2147483647;
			files = (
				E44AAD3D22AB1D3A0072B62D /* LocalStorageTests.swift in Sources */,
			);
			runOnlyForDeploymentPostprocessing = 0;
		};
/* End PBXSourcesBuildPhase section */

/* Begin PBXTargetDependency section */
		E44AAC7622AB025F0072B62D /* PBXTargetDependency */ = {
			isa = PBXTargetDependency;
			target = E44AAC5F22AB025E0072B62D /* WeatherApp */;
			targetProxy = E44AAC7522AB025F0072B62D /* PBXContainerItemProxy */;
		};
		E44AACC822AB0CB80072B62D /* PBXTargetDependency */ = {
			isa = PBXTargetDependency;
			target = E44AACBC22AB0CB80072B62D /* Location */;
			targetProxy = E44AACC722AB0CB80072B62D /* PBXContainerItemProxy */;
		};
		E44AACCA22AB0CB80072B62D /* PBXTargetDependency */ = {
			isa = PBXTargetDependency;
			target = E44AAC5F22AB025E0072B62D /* WeatherApp */;
			targetProxy = E44AACC922AB0CB80072B62D /* PBXContainerItemProxy */;
		};
		E44AACD122AB0CB80072B62D /* PBXTargetDependency */ = {
			isa = PBXTargetDependency;
			target = E44AACBC22AB0CB80072B62D /* Location */;
			targetProxy = E44AACD022AB0CB80072B62D /* PBXContainerItemProxy */;
		};
		E44AACEF22AB0E150072B62D /* PBXTargetDependency */ = {
			isa = PBXTargetDependency;
			target = E44AACE322AB0E150072B62D /* ClientApi */;
			targetProxy = E44AACEE22AB0E150072B62D /* PBXContainerItemProxy */;
		};
		E44AACF122AB0E150072B62D /* PBXTargetDependency */ = {
			isa = PBXTargetDependency;
			target = E44AAC5F22AB025E0072B62D /* WeatherApp */;
			targetProxy = E44AACF022AB0E150072B62D /* PBXContainerItemProxy */;
		};
		E44AACF822AB0E150072B62D /* PBXTargetDependency */ = {
			isa = PBXTargetDependency;
			target = E44AACE322AB0E150072B62D /* ClientApi */;
			targetProxy = E44AACF722AB0E150072B62D /* PBXContainerItemProxy */;
		};
		E44AAD3822AB1D3A0072B62D /* PBXTargetDependency */ = {
			isa = PBXTargetDependency;
			target = E44AAD2C22AB1D3A0072B62D /* LocalStorage */;
			targetProxy = E44AAD3722AB1D3A0072B62D /* PBXContainerItemProxy */;
		};
		E44AAD3A22AB1D3A0072B62D /* PBXTargetDependency */ = {
			isa = PBXTargetDependency;
			target = E44AAC5F22AB025E0072B62D /* WeatherApp */;
			targetProxy = E44AAD3922AB1D3A0072B62D /* PBXContainerItemProxy */;
		};
		E44AAD4122AB1D3B0072B62D /* PBXTargetDependency */ = {
			isa = PBXTargetDependency;
			target = E44AAD2C22AB1D3A0072B62D /* LocalStorage */;
			targetProxy = E44AAD4022AB1D3B0072B62D /* PBXContainerItemProxy */;
		};
/* End PBXTargetDependency section */

/* Begin PBXVariantGroup section */
		E44AAC6C22AB025F0072B62D /* LaunchScreen.storyboard */ = {
			isa = PBXVariantGroup;
			children = (
				E44AAC6D22AB025F0072B62D /* Base */,
			);
			name = LaunchScreen.storyboard;
			sourceTree = "<group>";
		};
/* End PBXVariantGroup section */

/* Begin XCBuildConfiguration section */
		E44AAC7B22AB025F0072B62D /* Debug */ = {
			isa = XCBuildConfiguration;
			buildSettings = {
				ALWAYS_SEARCH_USER_PATHS = NO;
				CLANG_ANALYZER_NONNULL = YES;
				CLANG_ANALYZER_NUMBER_OBJECT_CONVERSION = YES_AGGRESSIVE;
				CLANG_CXX_LANGUAGE_STANDARD = "gnu++14";
				CLANG_CXX_LIBRARY = "libc++";
				CLANG_ENABLE_MODULES = YES;
				CLANG_ENABLE_OBJC_ARC = YES;
				CLANG_ENABLE_OBJC_WEAK = YES;
				CLANG_WARN_BLOCK_CAPTURE_AUTORELEASING = YES;
				CLANG_WARN_BOOL_CONVERSION = YES;
				CLANG_WARN_COMMA = YES;
				CLANG_WARN_CONSTANT_CONVERSION = YES;
				CLANG_WARN_DEPRECATED_OBJC_IMPLEMENTATIONS = YES;
				CLANG_WARN_DIRECT_OBJC_ISA_USAGE = YES_ERROR;
				CLANG_WARN_DOCUMENTATION_COMMENTS = YES;
				CLANG_WARN_EMPTY_BODY = YES;
				CLANG_WARN_ENUM_CONVERSION = YES;
				CLANG_WARN_INFINITE_RECURSION = YES;
				CLANG_WARN_INT_CONVERSION = YES;
				CLANG_WARN_NON_LITERAL_NULL_CONVERSION = YES;
				CLANG_WARN_OBJC_IMPLICIT_RETAIN_SELF = YES;
				CLANG_WARN_OBJC_LITERAL_CONVERSION = YES;
				CLANG_WARN_OBJC_ROOT_CLASS = YES_ERROR;
				CLANG_WARN_RANGE_LOOP_ANALYSIS = YES;
				CLANG_WARN_STRICT_PROTOTYPES = YES;
				CLANG_WARN_SUSPICIOUS_MOVE = YES;
				CLANG_WARN_UNGUARDED_AVAILABILITY = YES_AGGRESSIVE;
				CLANG_WARN_UNREACHABLE_CODE = YES;
				CLANG_WARN__DUPLICATE_METHOD_MATCH = YES;
				CODE_SIGN_IDENTITY = "iPhone Developer";
				COPY_PHASE_STRIP = NO;
				DEBUG_INFORMATION_FORMAT = dwarf;
				ENABLE_STRICT_OBJC_MSGSEND = YES;
				ENABLE_TESTABILITY = YES;
				GCC_C_LANGUAGE_STANDARD = gnu11;
				GCC_DYNAMIC_NO_PIC = NO;
				GCC_NO_COMMON_BLOCKS = YES;
				GCC_OPTIMIZATION_LEVEL = 0;
				GCC_PREPROCESSOR_DEFINITIONS = (
					"DEBUG=1",
					"$(inherited)",
				);
				GCC_WARN_64_TO_32_BIT_CONVERSION = YES;
				GCC_WARN_ABOUT_RETURN_TYPE = YES_ERROR;
				GCC_WARN_UNDECLARED_SELECTOR = YES;
				GCC_WARN_UNINITIALIZED_AUTOS = YES_AGGRESSIVE;
				GCC_WARN_UNUSED_FUNCTION = YES;
				GCC_WARN_UNUSED_VARIABLE = YES;
				IPHONEOS_DEPLOYMENT_TARGET = 12.2;
				MTL_ENABLE_DEBUG_INFO = INCLUDE_SOURCE;
				MTL_FAST_MATH = YES;
				ONLY_ACTIVE_ARCH = YES;
				SDKROOT = iphoneos;
				SWIFT_ACTIVE_COMPILATION_CONDITIONS = DEBUG;
				SWIFT_OPTIMIZATION_LEVEL = "-Onone";
			};
			name = Debug;
		};
		E44AAC7C22AB025F0072B62D /* Release */ = {
			isa = XCBuildConfiguration;
			buildSettings = {
				ALWAYS_SEARCH_USER_PATHS = NO;
				CLANG_ANALYZER_NONNULL = YES;
				CLANG_ANALYZER_NUMBER_OBJECT_CONVERSION = YES_AGGRESSIVE;
				CLANG_CXX_LANGUAGE_STANDARD = "gnu++14";
				CLANG_CXX_LIBRARY = "libc++";
				CLANG_ENABLE_MODULES = YES;
				CLANG_ENABLE_OBJC_ARC = YES;
				CLANG_ENABLE_OBJC_WEAK = YES;
				CLANG_WARN_BLOCK_CAPTURE_AUTORELEASING = YES;
				CLANG_WARN_BOOL_CONVERSION = YES;
				CLANG_WARN_COMMA = YES;
				CLANG_WARN_CONSTANT_CONVERSION = YES;
				CLANG_WARN_DEPRECATED_OBJC_IMPLEMENTATIONS = YES;
				CLANG_WARN_DIRECT_OBJC_ISA_USAGE = YES_ERROR;
				CLANG_WARN_DOCUMENTATION_COMMENTS = YES;
				CLANG_WARN_EMPTY_BODY = YES;
				CLANG_WARN_ENUM_CONVERSION = YES;
				CLANG_WARN_INFINITE_RECURSION = YES;
				CLANG_WARN_INT_CONVERSION = YES;
				CLANG_WARN_NON_LITERAL_NULL_CONVERSION = YES;
				CLANG_WARN_OBJC_IMPLICIT_RETAIN_SELF = YES;
				CLANG_WARN_OBJC_LITERAL_CONVERSION = YES;
				CLANG_WARN_OBJC_ROOT_CLASS = YES_ERROR;
				CLANG_WARN_RANGE_LOOP_ANALYSIS = YES;
				CLANG_WARN_STRICT_PROTOTYPES = YES;
				CLANG_WARN_SUSPICIOUS_MOVE = YES;
				CLANG_WARN_UNGUARDED_AVAILABILITY = YES_AGGRESSIVE;
				CLANG_WARN_UNREACHABLE_CODE = YES;
				CLANG_WARN__DUPLICATE_METHOD_MATCH = YES;
				CODE_SIGN_IDENTITY = "iPhone Developer";
				COPY_PHASE_STRIP = NO;
				DEBUG_INFORMATION_FORMAT = "dwarf-with-dsym";
				ENABLE_NS_ASSERTIONS = NO;
				ENABLE_STRICT_OBJC_MSGSEND = YES;
				GCC_C_LANGUAGE_STANDARD = gnu11;
				GCC_NO_COMMON_BLOCKS = YES;
				GCC_WARN_64_TO_32_BIT_CONVERSION = YES;
				GCC_WARN_ABOUT_RETURN_TYPE = YES_ERROR;
				GCC_WARN_UNDECLARED_SELECTOR = YES;
				GCC_WARN_UNINITIALIZED_AUTOS = YES_AGGRESSIVE;
				GCC_WARN_UNUSED_FUNCTION = YES;
				GCC_WARN_UNUSED_VARIABLE = YES;
				IPHONEOS_DEPLOYMENT_TARGET = 12.2;
				MTL_ENABLE_DEBUG_INFO = NO;
				MTL_FAST_MATH = YES;
				SDKROOT = iphoneos;
				SWIFT_COMPILATION_MODE = wholemodule;
				SWIFT_OPTIMIZATION_LEVEL = "-O";
				VALIDATE_PRODUCT = YES;
			};
			name = Release;
		};
		E44AAC7E22AB025F0072B62D /* Debug */ = {
			isa = XCBuildConfiguration;
			buildSettings = {
				ALWAYS_EMBED_SWIFT_STANDARD_LIBRARIES = YES;
				ASSETCATALOG_COMPILER_APPICON_NAME = AppIcon;
				CODE_SIGN_STYLE = Automatic;
				INFOPLIST_FILE = WeatherApp/Info.plist;
				LD_RUNPATH_SEARCH_PATHS = (
					"$(inherited)",
					"@executable_path/Frameworks",
				);
				PRODUCT_BUNDLE_IDENTIFIER = test.leboncoin.WeatherApp;
				PRODUCT_NAME = "$(TARGET_NAME)";
				SWIFT_VERSION = 5.0;
				TARGETED_DEVICE_FAMILY = "1,2";
			};
			name = Debug;
		};
		E44AAC7F22AB025F0072B62D /* Release */ = {
			isa = XCBuildConfiguration;
			buildSettings = {
				ALWAYS_EMBED_SWIFT_STANDARD_LIBRARIES = YES;
				ASSETCATALOG_COMPILER_APPICON_NAME = AppIcon;
				CODE_SIGN_STYLE = Automatic;
				INFOPLIST_FILE = WeatherApp/Info.plist;
				LD_RUNPATH_SEARCH_PATHS = (
					"$(inherited)",
					"@executable_path/Frameworks",
				);
				PRODUCT_BUNDLE_IDENTIFIER = test.leboncoin.WeatherApp;
				PRODUCT_NAME = "$(TARGET_NAME)";
				SWIFT_VERSION = 5.0;
				TARGETED_DEVICE_FAMILY = "1,2";
			};
			name = Release;
		};
		E44AAC8122AB025F0072B62D /* Debug */ = {
			isa = XCBuildConfiguration;
			buildSettings = {
				ALWAYS_EMBED_SWIFT_STANDARD_LIBRARIES = YES;
				BUNDLE_LOADER = "$(TEST_HOST)";
				CODE_SIGN_STYLE = Automatic;
				INFOPLIST_FILE = WeatherAppTests/Info.plist;
				LD_RUNPATH_SEARCH_PATHS = (
					"$(inherited)",
					"@executable_path/Frameworks",
					"@loader_path/Frameworks",
				);
				PRODUCT_BUNDLE_IDENTIFIER = test.leboncoin.WeatherAppTests;
				PRODUCT_NAME = "$(TARGET_NAME)";
				SWIFT_VERSION = 5.0;
				TARGETED_DEVICE_FAMILY = "1,2";
				TEST_HOST = "$(BUILT_PRODUCTS_DIR)/WeatherApp.app/WeatherApp";
			};
			name = Debug;
		};
		E44AAC8222AB025F0072B62D /* Release */ = {
			isa = XCBuildConfiguration;
			buildSettings = {
				ALWAYS_EMBED_SWIFT_STANDARD_LIBRARIES = YES;
				BUNDLE_LOADER = "$(TEST_HOST)";
				CODE_SIGN_STYLE = Automatic;
				INFOPLIST_FILE = WeatherAppTests/Info.plist;
				LD_RUNPATH_SEARCH_PATHS = (
					"$(inherited)",
					"@executable_path/Frameworks",
					"@loader_path/Frameworks",
				);
				PRODUCT_BUNDLE_IDENTIFIER = test.leboncoin.WeatherAppTests;
				PRODUCT_NAME = "$(TARGET_NAME)";
				SWIFT_VERSION = 5.0;
				TARGETED_DEVICE_FAMILY = "1,2";
				TEST_HOST = "$(BUILT_PRODUCTS_DIR)/WeatherApp.app/WeatherApp";
			};
			name = Release;
		};
		E44AACD522AB0CB80072B62D /* Debug */ = {
			isa = XCBuildConfiguration;
			buildSettings = {
				CLANG_ENABLE_MODULES = YES;
				CODE_SIGN_IDENTITY = "";
				CODE_SIGN_STYLE = Automatic;
				CURRENT_PROJECT_VERSION = 1;
				DEFINES_MODULE = YES;
				DYLIB_COMPATIBILITY_VERSION = 1;
				DYLIB_CURRENT_VERSION = 1;
				DYLIB_INSTALL_NAME_BASE = "@rpath";
				INFOPLIST_FILE = Location/Info.plist;
				INSTALL_PATH = "$(LOCAL_LIBRARY_DIR)/Frameworks";
				LD_RUNPATH_SEARCH_PATHS = (
					"$(inherited)",
					"@executable_path/Frameworks",
					"@loader_path/Frameworks",
				);
				PRODUCT_BUNDLE_IDENTIFIER = test.leboncoin.Location;
				PRODUCT_NAME = "$(TARGET_NAME:c99extidentifier)";
				SKIP_INSTALL = YES;
				SWIFT_OPTIMIZATION_LEVEL = "-Onone";
				SWIFT_VERSION = 5.0;
				TARGETED_DEVICE_FAMILY = "1,2";
				VERSIONING_SYSTEM = "apple-generic";
				VERSION_INFO_PREFIX = "";
			};
			name = Debug;
		};
		E44AACD622AB0CB80072B62D /* Release */ = {
			isa = XCBuildConfiguration;
			buildSettings = {
				CLANG_ENABLE_MODULES = YES;
				CODE_SIGN_IDENTITY = "";
				CODE_SIGN_STYLE = Automatic;
				CURRENT_PROJECT_VERSION = 1;
				DEFINES_MODULE = YES;
				DYLIB_COMPATIBILITY_VERSION = 1;
				DYLIB_CURRENT_VERSION = 1;
				DYLIB_INSTALL_NAME_BASE = "@rpath";
				INFOPLIST_FILE = Location/Info.plist;
				INSTALL_PATH = "$(LOCAL_LIBRARY_DIR)/Frameworks";
				LD_RUNPATH_SEARCH_PATHS = (
					"$(inherited)",
					"@executable_path/Frameworks",
					"@loader_path/Frameworks",
				);
				PRODUCT_BUNDLE_IDENTIFIER = test.leboncoin.Location;
				PRODUCT_NAME = "$(TARGET_NAME:c99extidentifier)";
				SKIP_INSTALL = YES;
				SWIFT_VERSION = 5.0;
				TARGETED_DEVICE_FAMILY = "1,2";
				VERSIONING_SYSTEM = "apple-generic";
				VERSION_INFO_PREFIX = "";
			};
			name = Release;
		};
		E44AACD922AB0CB80072B62D /* Debug */ = {
			isa = XCBuildConfiguration;
			buildSettings = {
				ALWAYS_EMBED_SWIFT_STANDARD_LIBRARIES = YES;
				CLANG_ENABLE_MODULES = YES;
				CODE_SIGN_STYLE = Automatic;
				INFOPLIST_FILE = LocationTests/Info.plist;
				LD_RUNPATH_SEARCH_PATHS = (
					"$(inherited)",
					"@executable_path/Frameworks",
					"@loader_path/Frameworks",
				);
				PRODUCT_BUNDLE_IDENTIFIER = test.leboncoin.LocationTests;
				PRODUCT_NAME = "$(TARGET_NAME)";
				SWIFT_OPTIMIZATION_LEVEL = "-Onone";
				SWIFT_VERSION = 5.0;
				TARGETED_DEVICE_FAMILY = "1,2";
				TEST_HOST = "$(BUILT_PRODUCTS_DIR)/WeatherApp.app/WeatherApp";
			};
			name = Debug;
		};
		E44AACDA22AB0CB80072B62D /* Release */ = {
			isa = XCBuildConfiguration;
			buildSettings = {
				ALWAYS_EMBED_SWIFT_STANDARD_LIBRARIES = YES;
				CLANG_ENABLE_MODULES = YES;
				CODE_SIGN_STYLE = Automatic;
				INFOPLIST_FILE = LocationTests/Info.plist;
				LD_RUNPATH_SEARCH_PATHS = (
					"$(inherited)",
					"@executable_path/Frameworks",
					"@loader_path/Frameworks",
				);
				PRODUCT_BUNDLE_IDENTIFIER = test.leboncoin.LocationTests;
				PRODUCT_NAME = "$(TARGET_NAME)";
				SWIFT_VERSION = 5.0;
				TARGETED_DEVICE_FAMILY = "1,2";
				TEST_HOST = "$(BUILT_PRODUCTS_DIR)/WeatherApp.app/WeatherApp";
			};
			name = Release;
		};
		E44AACFC22AB0E150072B62D /* Debug */ = {
			isa = XCBuildConfiguration;
			buildSettings = {
				CLANG_ENABLE_MODULES = YES;
				CODE_SIGN_IDENTITY = "";
				CODE_SIGN_STYLE = Automatic;
				CURRENT_PROJECT_VERSION = 1;
				DEFINES_MODULE = YES;
				DYLIB_COMPATIBILITY_VERSION = 1;
				DYLIB_CURRENT_VERSION = 1;
				DYLIB_INSTALL_NAME_BASE = "@rpath";
				INFOPLIST_FILE = ClientApi/Info.plist;
				INSTALL_PATH = "$(LOCAL_LIBRARY_DIR)/Frameworks";
				LD_RUNPATH_SEARCH_PATHS = (
					"$(inherited)",
					"@executable_path/Frameworks",
					"@loader_path/Frameworks",
				);
				PRODUCT_BUNDLE_IDENTIFIER = test.leboncoin.ClientApi;
				PRODUCT_NAME = "$(TARGET_NAME:c99extidentifier)";
				SKIP_INSTALL = YES;
				SWIFT_OPTIMIZATION_LEVEL = "-Onone";
				SWIFT_VERSION = 5.0;
				TARGETED_DEVICE_FAMILY = "1,2";
				VERSIONING_SYSTEM = "apple-generic";
				VERSION_INFO_PREFIX = "";
			};
			name = Debug;
		};
		E44AACFD22AB0E150072B62D /* Release */ = {
			isa = XCBuildConfiguration;
			buildSettings = {
				CLANG_ENABLE_MODULES = YES;
				CODE_SIGN_IDENTITY = "";
				CODE_SIGN_STYLE = Automatic;
				CURRENT_PROJECT_VERSION = 1;
				DEFINES_MODULE = YES;
				DYLIB_COMPATIBILITY_VERSION = 1;
				DYLIB_CURRENT_VERSION = 1;
				DYLIB_INSTALL_NAME_BASE = "@rpath";
				INFOPLIST_FILE = ClientApi/Info.plist;
				INSTALL_PATH = "$(LOCAL_LIBRARY_DIR)/Frameworks";
				LD_RUNPATH_SEARCH_PATHS = (
					"$(inherited)",
					"@executable_path/Frameworks",
					"@loader_path/Frameworks",
				);
				PRODUCT_BUNDLE_IDENTIFIER = test.leboncoin.ClientApi;
				PRODUCT_NAME = "$(TARGET_NAME:c99extidentifier)";
				SKIP_INSTALL = YES;
				SWIFT_VERSION = 5.0;
				TARGETED_DEVICE_FAMILY = "1,2";
				VERSIONING_SYSTEM = "apple-generic";
				VERSION_INFO_PREFIX = "";
			};
			name = Release;
		};
		E44AACFF22AB0E150072B62D /* Debug */ = {
			isa = XCBuildConfiguration;
			buildSettings = {
				ALWAYS_EMBED_SWIFT_STANDARD_LIBRARIES = YES;
				CODE_SIGN_STYLE = Automatic;
				INFOPLIST_FILE = ClientApiTests/Info.plist;
				LD_RUNPATH_SEARCH_PATHS = (
					"$(inherited)",
					"@executable_path/Frameworks",
					"@loader_path/Frameworks",
				);
				PRODUCT_BUNDLE_IDENTIFIER = test.leboncoin.ClientApiTests;
				PRODUCT_NAME = "$(TARGET_NAME)";
				SWIFT_VERSION = 5.0;
				TARGETED_DEVICE_FAMILY = "1,2";
				TEST_HOST = "$(BUILT_PRODUCTS_DIR)/WeatherApp.app/WeatherApp";
			};
			name = Debug;
		};
		E44AAD0022AB0E150072B62D /* Release */ = {
			isa = XCBuildConfiguration;
			buildSettings = {
				ALWAYS_EMBED_SWIFT_STANDARD_LIBRARIES = YES;
				CODE_SIGN_STYLE = Automatic;
				INFOPLIST_FILE = ClientApiTests/Info.plist;
				LD_RUNPATH_SEARCH_PATHS = (
					"$(inherited)",
					"@executable_path/Frameworks",
					"@loader_path/Frameworks",
				);
				PRODUCT_BUNDLE_IDENTIFIER = test.leboncoin.ClientApiTests;
				PRODUCT_NAME = "$(TARGET_NAME)";
				SWIFT_VERSION = 5.0;
				TARGETED_DEVICE_FAMILY = "1,2";
				TEST_HOST = "$(BUILT_PRODUCTS_DIR)/WeatherApp.app/WeatherApp";
			};
			name = Release;
		};
		E44AAD4522AB1D3B0072B62D /* Debug */ = {
			isa = XCBuildConfiguration;
			buildSettings = {
				CLANG_ENABLE_MODULES = YES;
				CODE_SIGN_IDENTITY = "";
				CODE_SIGN_STYLE = Automatic;
				CURRENT_PROJECT_VERSION = 1;
				DEFINES_MODULE = YES;
				DYLIB_COMPATIBILITY_VERSION = 1;
				DYLIB_CURRENT_VERSION = 1;
				DYLIB_INSTALL_NAME_BASE = "@rpath";
				INFOPLIST_FILE = LocalStorage/Info.plist;
				INSTALL_PATH = "$(LOCAL_LIBRARY_DIR)/Frameworks";
				LD_RUNPATH_SEARCH_PATHS = (
					"$(inherited)",
					"@executable_path/Frameworks",
					"@loader_path/Frameworks",
				);
				PRODUCT_BUNDLE_IDENTIFIER = test.leboncoin.LocalStorage;
				PRODUCT_NAME = "$(TARGET_NAME:c99extidentifier)";
				SKIP_INSTALL = YES;
				SWIFT_OPTIMIZATION_LEVEL = "-Onone";
				SWIFT_VERSION = 5.0;
				TARGETED_DEVICE_FAMILY = "1,2";
				VERSIONING_SYSTEM = "apple-generic";
				VERSION_INFO_PREFIX = "";
			};
			name = Debug;
		};
		E44AAD4622AB1D3B0072B62D /* Release */ = {
			isa = XCBuildConfiguration;
			buildSettings = {
				CLANG_ENABLE_MODULES = YES;
				CODE_SIGN_IDENTITY = "";
				CODE_SIGN_STYLE = Automatic;
				CURRENT_PROJECT_VERSION = 1;
				DEFINES_MODULE = YES;
				DYLIB_COMPATIBILITY_VERSION = 1;
				DYLIB_CURRENT_VERSION = 1;
				DYLIB_INSTALL_NAME_BASE = "@rpath";
				INFOPLIST_FILE = LocalStorage/Info.plist;
				INSTALL_PATH = "$(LOCAL_LIBRARY_DIR)/Frameworks";
				LD_RUNPATH_SEARCH_PATHS = (
					"$(inherited)",
					"@executable_path/Frameworks",
					"@loader_path/Frameworks",
				);
				PRODUCT_BUNDLE_IDENTIFIER = test.leboncoin.LocalStorage;
				PRODUCT_NAME = "$(TARGET_NAME:c99extidentifier)";
				SKIP_INSTALL = YES;
				SWIFT_VERSION = 5.0;
				TARGETED_DEVICE_FAMILY = "1,2";
				VERSIONING_SYSTEM = "apple-generic";
				VERSION_INFO_PREFIX = "";
			};
			name = Release;
		};
		E44AAD4822AB1D3B0072B62D /* Debug */ = {
			isa = XCBuildConfiguration;
			buildSettings = {
				ALWAYS_EMBED_SWIFT_STANDARD_LIBRARIES = YES;
				CODE_SIGN_STYLE = Automatic;
				INFOPLIST_FILE = LocalStorageTests/Info.plist;
				LD_RUNPATH_SEARCH_PATHS = (
					"$(inherited)",
					"@executable_path/Frameworks",
					"@loader_path/Frameworks",
				);
				PRODUCT_BUNDLE_IDENTIFIER = test.leboncoin.LocalStorageTests;
				PRODUCT_NAME = "$(TARGET_NAME)";
				SWIFT_VERSION = 5.0;
				TARGETED_DEVICE_FAMILY = "1,2";
				TEST_HOST = "$(BUILT_PRODUCTS_DIR)/WeatherApp.app/WeatherApp";
			};
			name = Debug;
		};
		E44AAD4922AB1D3B0072B62D /* Release */ = {
			isa = XCBuildConfiguration;
			buildSettings = {
				ALWAYS_EMBED_SWIFT_STANDARD_LIBRARIES = YES;
				CODE_SIGN_STYLE = Automatic;
				INFOPLIST_FILE = LocalStorageTests/Info.plist;
				LD_RUNPATH_SEARCH_PATHS = (
					"$(inherited)",
					"@executable_path/Frameworks",
					"@loader_path/Frameworks",
				);
				PRODUCT_BUNDLE_IDENTIFIER = test.leboncoin.LocalStorageTests;
				PRODUCT_NAME = "$(TARGET_NAME)";
				SWIFT_VERSION = 5.0;
				TARGETED_DEVICE_FAMILY = "1,2";
				TEST_HOST = "$(BUILT_PRODUCTS_DIR)/WeatherApp.app/WeatherApp";
			};
			name = Release;
		};
/* End XCBuildConfiguration section */

/* Begin XCConfigurationList section */
		E44AAC5B22AB025E0072B62D /* Build configuration list for PBXProject "WeatherApp" */ = {
			isa = XCConfigurationList;
			buildConfigurations = (
				E44AAC7B22AB025F0072B62D /* Debug */,
				E44AAC7C22AB025F0072B62D /* Release */,
			);
			defaultConfigurationIsVisible = 0;
			defaultConfigurationName = Release;
		};
		E44AAC7D22AB025F0072B62D /* Build configuration list for PBXNativeTarget "WeatherApp" */ = {
			isa = XCConfigurationList;
			buildConfigurations = (
				E44AAC7E22AB025F0072B62D /* Debug */,
				E44AAC7F22AB025F0072B62D /* Release */,
			);
			defaultConfigurationIsVisible = 0;
			defaultConfigurationName = Release;
		};
		E44AAC8022AB025F0072B62D /* Build configuration list for PBXNativeTarget "WeatherAppTests" */ = {
			isa = XCConfigurationList;
			buildConfigurations = (
				E44AAC8122AB025F0072B62D /* Debug */,
				E44AAC8222AB025F0072B62D /* Release */,
			);
			defaultConfigurationIsVisible = 0;
			defaultConfigurationName = Release;
		};
		E44AACD422AB0CB80072B62D /* Build configuration list for PBXNativeTarget "Location" */ = {
			isa = XCConfigurationList;
			buildConfigurations = (
				E44AACD522AB0CB80072B62D /* Debug */,
				E44AACD622AB0CB80072B62D /* Release */,
			);
			defaultConfigurationIsVisible = 0;
			defaultConfigurationName = Release;
		};
		E44AACD822AB0CB80072B62D /* Build configuration list for PBXNativeTarget "LocationTests" */ = {
			isa = XCConfigurationList;
			buildConfigurations = (
				E44AACD922AB0CB80072B62D /* Debug */,
				E44AACDA22AB0CB80072B62D /* Release */,
			);
			defaultConfigurationIsVisible = 0;
			defaultConfigurationName = Release;
		};
		E44AACFB22AB0E150072B62D /* Build configuration list for PBXNativeTarget "ClientApi" */ = {
			isa = XCConfigurationList;
			buildConfigurations = (
				E44AACFC22AB0E150072B62D /* Debug */,
				E44AACFD22AB0E150072B62D /* Release */,
			);
			defaultConfigurationIsVisible = 0;
			defaultConfigurationName = Release;
		};
		E44AACFE22AB0E150072B62D /* Build configuration list for PBXNativeTarget "ClientApiTests" */ = {
			isa = XCConfigurationList;
			buildConfigurations = (
				E44AACFF22AB0E150072B62D /* Debug */,
				E44AAD0022AB0E150072B62D /* Release */,
			);
			defaultConfigurationIsVisible = 0;
			defaultConfigurationName = Release;
		};
		E44AAD4422AB1D3B0072B62D /* Build configuration list for PBXNativeTarget "LocalStorage" */ = {
			isa = XCConfigurationList;
			buildConfigurations = (
				E44AAD4522AB1D3B0072B62D /* Debug */,
				E44AAD4622AB1D3B0072B62D /* Release */,
			);
			defaultConfigurationIsVisible = 0;
			defaultConfigurationName = Release;
		};
		E44AAD4722AB1D3B0072B62D /* Build configuration list for PBXNativeTarget "LocalStorageTests" */ = {
			isa = XCConfigurationList;
			buildConfigurations = (
				E44AAD4822AB1D3B0072B62D /* Debug */,
				E44AAD4922AB1D3B0072B62D /* Release */,
			);
			defaultConfigurationIsVisible = 0;
			defaultConfigurationName = Release;
		};
/* End XCConfigurationList section */
	};
	rootObject = E44AAC5822AB025E0072B62D /* Project object */;
}
